<?xml version="1.0" encoding="utf-8"?>
<Project ToolsVersion="4.0" xmlns="http://schemas.microsoft.com/developer/msbuild/2003">
  <ItemGroup>
    <Filter Include="Source Files">
      <UniqueIdentifier>{4FC737F1-C7A5-4376-A066-2A32D752A2FF}</UniqueIdentifier>
      <Extensions>cpp;c;cc;cxx;c++;cppm;ixx;def;odl;idl;hpj;bat;asm;asmx</Extensions>
    </Filter>
    <Filter Include="Resource Files">
      <UniqueIdentifier>{67DA6AB6-F800-4c08-8B7A-83BB121AAD01}</UniqueIdentifier>
      <Extensions>rc;ico;cur;bmp;dlg;rc2;rct;bin;rgs;gif;jpg;jpeg;jpe;resx;tiff;tif;png;wav;mfcribbon-ms</Extensions>
    </Filter>
    <Filter Include="Shaders">
      <UniqueIdentifier>{9c618c78-23ab-45b9-bcda-49c27f10e2b6}</UniqueIdentifier>
    </Filter>
    <Filter Include="VAOManager">
      <UniqueIdentifier>{9ceab1f8-035b-4946-8587-ee13cf6fa647}</UniqueIdentifier>
    </Filter>
    <Filter Include="MeshObj">
      <UniqueIdentifier>{024f189c-428c-427f-90c0-faaf2a7a29e0}</UniqueIdentifier>
    </Filter>
    <Filter Include="XML">
      <UniqueIdentifier>{fe4f6c34-e989-40a6-96e8-993feeb2586f}</UniqueIdentifier>
    </Filter>
    <Filter Include="Light">
      <UniqueIdentifier>{a5c954b0-441c-4de4-8290-441f3f3573cd}</UniqueIdentifier>
    </Filter>
    <Filter Include="Header Files">
      <UniqueIdentifier>{93995380-89BD-4b04-88EB-625FBE52EBFB}</UniqueIdentifier>
      <Extensions>h;hh;hpp;hxx;h++;hm;inl;inc;ipp;xsd</Extensions>
    </Filter>
  </ItemGroup>
  <ItemGroup>
    <ClCompile Include="src\glad.c">
      <Filter>Source Files</Filter>
    </ClCompile>
    <ClCompile Include="src\main.cpp">
      <Filter>Source Files</Filter>
    </ClCompile>
    <ClCompile Include="src\Shader\cShaderManager.cpp">
      <Filter>Shaders</Filter>
    </ClCompile>
    <ClCompile Include="src\Shader\cShader.cpp">
      <Filter>Shaders</Filter>
    </ClCompile>
    <ClCompile Include="src\Shader\cShaderProgram.cpp">
      <Filter>Shaders</Filter>
    </ClCompile>
    <ClCompile Include="src\VAOManager\cModelDrawInfo.cpp">
      <Filter>VAOManager</Filter>
    </ClCompile>
    <ClCompile Include="src\VAOManager\cVAOManager.cpp">
      <Filter>VAOManager</Filter>
    </ClCompile>
    <ClCompile Include="src\MeshObj\cMeshObj.cpp">
      <Filter>MeshObj</Filter>
    </ClCompile>
    <ClCompile Include="src\XML\cXML.cpp">
      <Filter>XML</Filter>
    </ClCompile>
    <ClCompile Include="src\Light\cLight.cpp">
      <Filter>Light</Filter>
    </ClCompile>
    <ClCompile Include="src\Light\cLightManager.cpp">
      <Filter>Light</Filter>
    </ClCompile>
  </ItemGroup>
  <ItemGroup>
    <ClInclude Include="src\globalOpenGL.h">
      <Filter>Header Files</Filter>
    </ClInclude>
    <ClInclude Include="src\MeshObj\cMeshObj.h">
      <Filter>MeshObj</Filter>
    </ClInclude>
    <ClInclude Include="src\VAOManager\cModelDrawInfo.h">
      <Filter>VAOManager</Filter>
    </ClInclude>
    <ClInclude Include="src\VAOManager\cVAOManager.h">
      <Filter>VAOManager</Filter>
    </ClInclude>
    <ClInclude Include="src\XML\cXML.h">
      <Filter>XML</Filter>
    </ClInclude>
    <ClInclude Include="src\globalThings.h">
      <Filter>Header Files</Filter>
    </ClInclude>
    <ClInclude Include="src\Shader\cShaderManager.h">
      <Filter>Shaders</Filter>
    </ClInclude>
    <ClInclude Include="src\Light\cLight.h">
      <Filter>Light</Filter>
    </ClInclude>
    <ClInclude Include="src\Light\cLightManager.h">
      <Filter>Light</Filter>
    </ClInclude>
  </ItemGroup>
  <ItemGroup>
    <None Include="src\Shader\fragmentShader.glsl">
      <Filter>Shaders</Filter>
    </None>
    <None Include="src\Shader\vertexShader.glsl">
      <Filter>Shaders</Filter>
    </None>
  </ItemGroup>
</Project>